
Microsoft Visual Studio Solution File, Format Version 12.00
# Visual Studio Version 17
VisualStudioVersion = 17.14.36414.22 d17.14
MinimumVisualStudioVersion = 10.0.40219.1
Project("{FAE04EC0-301F-11D3-BF4B-00C04F79EFBC}") = "PomodoraBack", "PomodoraBack\PomodoraBack.csproj", "{ECDEA44B-D2F6-4CC8-9E81-97E4A9F78834}"
EndProject
Global
	GlobalSection(SolutionConfigurationPlatforms) = preSolution
		Debug|Any CPU = Debug|Any CPU
		Release|Any CPU = Release|Any CPU
	EndGlobalSection
	GlobalSection(ProjectConfigurationPlatforms) = postSolution
		{ECDEA44B-D2F6-4CC8-9E81-97E4A9F78834}.Debug|Any CPU.ActiveCfg = Debug|Any CPU
		{ECDEA44B-D2F6-4CC8-9E81-97E4A9F78834}.Debug|Any CPU.Build.0 = Debug|Any CPU
		{ECDEA44B-D2F6-4CC8-9E81-97E4A9F78834}.Release|Any CPU.ActiveCfg = Release|Any CPU
		{ECDEA44B-D2F6-4CC8-9E81-97E4A9F78834}.Release|Any CPU.Build.0 = Release|Any CPU
	EndGlobalSection
	GlobalSection(SolutionProperties) = preSolution
		HideSolutionNode = FALSE
	EndGlobalSection
	GlobalSection(ExtensibilityGlobals) = postSolution
		SolutionGuid = {51ABDEF8-3D65-4618-8FDE-3847961B8B8A}
	EndGlobalSection
EndGlobal
